PODS:
  - Firebase/Core (5.5.0):
    - Firebase/CoreOnly
    - FirebaseAnalytics (= 5.1.0)
  - Firebase/CoreOnly (5.5.0):
    - FirebaseCore (= 5.1.0)
  - Firebase/Messaging (5.5.0):
    - Firebase/CoreOnly
    - FirebaseMessaging (= 3.1.0)
  - FirebaseAnalytics (5.1.0):
    - FirebaseCore (~> 5.1)
    - FirebaseInstanceID (~> 3.2)
    - GoogleAppMeasurement (~> 5.1)
    - GoogleUtilities/AppDelegateSwizzler (~> 5.2.0)
    - GoogleUtilities/MethodSwizzler (~> 5.2.0)
    - GoogleUtilities/Network (~> 5.2)
    - "GoogleUtilities/NSData+zlib (~> 5.2)"
    - nanopb (~> 0.3)
  - FirebaseCore (5.1.0):
    - GoogleUtilities/Logger (~> 5.2)
  - FirebaseInstanceID (3.2.0):
    - FirebaseCore (~> 5.1)
    - GoogleUtilities/Environment (~> 5.2)
  - FirebaseMessaging (3.1.0):
    - FirebaseCore (~> 5.0)
    - FirebaseInstanceID (~> 3.0)
    - GoogleUtilities/Reachability (~> 5.2)
    - Protobuf (~> 3.1)
  - GoogleAppMeasurement (5.1.0):
    - GoogleUtilities/AppDelegateSwizzler (~> 5.2.0)
    - GoogleUtilities/MethodSwizzler (~> 5.2.0)
    - GoogleUtilities/Network (~> 5.2)
    - "GoogleUtilities/NSData+zlib (~> 5.2)"
    - nanopb (~> 0.3)
  - GoogleUtilities/AppDelegateSwizzler (5.2.2):
    - GoogleUtilities/Environment
    - GoogleUtilities/Logger
    - GoogleUtilities/Network
  - GoogleUtilities/Environment (5.2.2)
  - GoogleUtilities/Logger (5.2.2):
    - GoogleUtilities/Environment
  - GoogleUtilities/MethodSwizzler (5.2.2):
    - GoogleUtilities/Logger
  - GoogleUtilities/Network (5.2.2):
    - GoogleUtilities/Logger
    - "GoogleUtilities/NSData+zlib"
    - GoogleUtilities/Reachability
  - "GoogleUtilities/NSData+zlib (5.2.2)"
  - GoogleUtilities/Reachability (5.2.2):
    - GoogleUtilities/Logger
  - Mapbox-iOS-SDK (4.8.0)
  - MapboxCoreNavigation (0.28.0):
    - MapboxDirections.swift (~> 0.26.0)
    - MapboxMobileEvents (~> 0.6.0)
    - MapboxNavigationNative (~> 3.4.6)
    - Turf (~> 0.3.0)
  - MapboxDirections.swift (0.26.1):
    - Polyline (~> 4.2)
  - MapboxMobileEvents (0.6.0)
  - MapboxNavigation (0.28.0):
    - Mapbox-iOS-SDK (~> 4.3)
    - MapboxCoreNavigation (= 0.28.0)
    - MapboxSpeech (~> 0.1.0)
    - Solar (~> 2.1)
  - MapboxNavigationNative (3.4.12)
  - MapboxSpeech (0.1.0)
  - nanopb (0.3.8):
    - nanopb/decode (= 0.3.8)
    - nanopb/encode (= 0.3.8)
  - nanopb/decode (0.3.8)
  - nanopb/encode (0.3.8)
  - Polyline (4.2.0)
  - Protobuf (3.6.1)
  - Pulsator (0.5.1)
  - ReachabilitySwift (4.1.0)
  - Solar (2.1.0)
  - Turf (0.3.0)

DEPENDENCIES:
  - Firebase/Core
  - Firebase/Messaging
  - MapboxNavigation (~> 0.28.0)
  - Pulsator
  - ReachabilitySwift

SPEC REPOS:
  https://github.com/cocoapods/specs.git:
    - Firebase
    - FirebaseAnalytics
    - FirebaseCore
    - FirebaseInstanceID
    - FirebaseMessaging
    - GoogleAppMeasurement
    - GoogleUtilities
    - Mapbox-iOS-SDK
    - MapboxCoreNavigation
    - MapboxDirections.swift
    - MapboxMobileEvents
    - MapboxNavigation
    - MapboxNavigationNative
    - MapboxSpeech
    - nanopb
    - Polyline
    - Protobuf
    - Pulsator
    - ReachabilitySwift
    - Solar
    - Turf

SPEC CHECKSUMS:
  Firebase: 8c957f9cb3852b519180fb378801b7eeeba4d288
  FirebaseAnalytics: d4a260c114aec0d765ab5b9c404ac63de1d29381
  FirebaseCore: ee4b35cf8c8e781da296cc7c15125e4608bb954d
  FirebaseInstanceID: 8cd2c6cfe7b9ab65ce7e248f6da7f26f6775b9be
  FirebaseMessaging: f67b3719f520ee200da0e20ce577fe2bce0c01d0
  GoogleAppMeasurement: e785bdb86d3d280abc778156cec323a975f11d1d
  GoogleUtilities: 06b66f9567769a7958db20a92f0128b2843e49d5
  Mapbox-iOS-SDK: 864bc732a20c183d87f04923295e988b504453d9
  MapboxCoreNavigation: b34af46883ca243b60244aa0e7370aa1558cb5ac
  MapboxDirections.swift: 514610ac52a9cd080062085f35b8a9fdb27a83cb
  MapboxMobileEvents: 0218869f556a7fdac9f869e2f9c10e8c6dd7eed5
  MapboxNavigation: c65f0cceb87924fbe171095eeebe1914940c97ba
  MapboxNavigationNative: f836f10df1fa8b4aeca554b8593b75ceb72c8150
  MapboxSpeech: d7569ee91dd8bdca3ef8d19b6828e8754c1073ec
  nanopb: 5601e6bca2dbf1ed831b519092ec110f66982ca3
  Polyline: 3d69f75bb136357e27291d439d0436c6ebda57a4
  Protobuf: 1eb9700044745f00181c136ef21b8ff3ad5a0fd5
  Pulsator: f465ca37212d826523fe8c79b07c1a4c1a941f5e
  ReachabilitySwift: 6849231cd4e06559f3b9ef4a97a0a0f96d41e09f
  Solar: 2dc6e7cc39186cb0c8228fa08df76fb50c7d8f24
  Turf: c6bdf62d6a70c647874f295dd1cf4eefc0c3e9e6

PODFILE CHECKSUM: aa3d830a6552b001c4f39e383a90cd95ab20c15b

COCOAPODS: 1.5.3
